// !$*UTF8*$!
{
	archiveVersion = 1;
	classes = {
	};
	objectVersion = 46;
	objects = {

/* Begin PBXBuildFile section */
		10B38C401B9FFB40000057BE /* AppDelegate.swift in Sources */ = {isa = PBXBuildFile; fileRef = 10B38C3F1B9FFB40000057BE /* AppDelegate.swift */; };
		10B38C421B9FFB40000057BE /* ViewController.swift in Sources */ = {isa = PBXBuildFile; fileRef = 10B38C411B9FFB40000057BE /* ViewController.swift */; };
		10B38C451B9FFB40000057BE /* Main.storyboard in Resources */ = {isa = PBXBuildFile; fileRef = 10B38C431B9FFB40000057BE /* Main.storyboard */; };
		10B38C471B9FFB40000057BE /* Images.xcassets in Resources */ = {isa = PBXBuildFile; fileRef = 10B38C461B9FFB40000057BE /* Images.xcassets */; };
		10B38C4A1B9FFB40000057BE /* LaunchScreen.xib in Resources */ = {isa = PBXBuildFile; fileRef = 10B38C481B9FFB40000057BE /* LaunchScreen.xib */; };
		10B38C561B9FFB40000057BE /* MemeMeTests.swift in Sources */ = {isa = PBXBuildFile; fileRef = 10B38C551B9FFB40000057BE /* MemeMeTests.swift */; };
/* End PBXBuildFile section */

/* Begin PBXContainerItemProxy section */
		10B38C501B9FFB40000057BE /* PBXContainerItemProxy */ = {
			isa = PBXContainerItemProxy;
			containerPortal = 10B38C321B9FFB40000057BE /* Project object */;
			proxyType = 1;
			remoteGlobalIDString = 10B38C391B9FFB40000057BE;
			remoteInfo = MemeMe;
		};
/* End PBXContainerItemProxy section */

/* Begin PBXFileReference section */
		10B38C3A1B9FFB40000057BE /* MemeMe.app */ = {isa = PBXFileReference; explicitFileType = wrapper.application; includeInIndex = 0; path = MemeMe.app; sourceTree = BUILT_PRODUCTS_DIR; };
		10B38C3E1B9FFB40000057BE /* Info.plist */ = {isa = PBXFileReference; lastKnownFileType = text.plist.xml; path = Info.plist; sourceTree = "<group>"; };
		10B38C3F1B9FFB40000057BE /* AppDelegate.swift */ = {isa = PBXFileReference; lastKnownFileType = sourcecode.swift; path = AppDelegate.swift; sourceTree = "<group>"; };
		10B38C411B9FFB40000057BE /* ViewController.swift */ = {isa = PBXFileReference; lastKnownFileType = sourcecode.swift; path = ViewController.swift; sourceTree = "<group>"; };
		10B38C441B9FFB40000057BE /* Base */ = {isa = PBXFileReference; lastKnownFileType = file.storyboard; name = Base; path = Base.lproj/Main.storyboard; sourceTree = "<group>"; };
		10B38C461B9FFB40000057BE /* Images.xcassets */ = {isa = PBXFileReference; lastKnownFileType = folder.assetcatalog; path = Images.xcassets; sourceTree = "<group>"; };
		10B38C491B9FFB40000057BE /* Base */ = {isa = PBXFileReference; lastKnownFileType = file.xib; name = Base; path = Base.lproj/LaunchScreen.xib; sourceTree = "<group>"; };
		10B38C4F1B9FFB40000057BE /* MemeMeTests.xctest */ = {isa = PBXFileReference; explicitFileType = wrapper.cfbundle; includeInIndex = 0; path = MemeMeTests.xctest; sourceTree = BUILT_PRODUCTS_DIR; };
		10B38C541B9FFB40000057BE /* Info.plist */ = {isa = PBXFileReference; lastKnownFileType = text.plist.xml; path = Info.plist; sourceTree = "<group>"; };
		10B38C551B9FFB40000057BE /* MemeMeTests.swift */ = {isa = PBXFileReference; lastKnownFileType = sourcecode.swift; path = MemeMeTests.swift; sourceTree = "<group>"; };
/* End PBXFileReference section */

/* Begin PBXFrameworksBuildPhase section */
		10B38C371B9FFB40000057BE /* Frameworks */ = {
			isa = PBXFrameworksBuildPhase;
			buildActionMask = 2147483647;
			files = (
			);
			runOnlyForDeploymentPostprocessing = 0;
		};
		10B38C4C1B9FFB40000057BE /* Frameworks */ = {
			isa = PBXFrameworksBuildPhase;
			buildActionMask = 2147483647;
			files = (
			);
			runOnlyForDeploymentPostprocessing = 0;
		};
/* End PBXFrameworksBuildPhase section */

/* Begin PBXGroup section */
		10B38C311B9FFB40000057BE = {
			isa = PBXGroup;
			children = (
				10B38C3C1B9FFB40000057BE /* MemeMe */,
				10B38C521B9FFB40000057BE /* MemeMeTests */,
				10B38C3B1B9FFB40000057BE /* Products */,
			);
			sourceTree = "<group>";
		};
		10B38C3B1B9FFB40000057BE /* Products */ = {
			isa = PBXGroup;
			children = (
				10B38C3A1B9FFB40000057BE /* MemeMe.app */,
				10B38C4F1B9FFB40000057BE /* MemeMeTests.xctest */,
			);
			name = Products;
			sourceTree = "<group>";
		};
		10B38C3C1B9FFB40000057BE /* MemeMe */ = {
			isa = PBXGroup;
			children = (
				10B38C3F1B9FFB40000057BE /* AppDelegate.swift */,
				10B38C411B9FFB40000057BE /* ViewController.swift */,
				10B38C431B9FFB40000057BE /* Main.storyboard */,
				10B38C461B9FFB40000057BE /* Images.xcassets */,
				10B38C481B9FFB40000057BE /* LaunchScreen.xib */,
				10B38C3D1B9FFB40000057BE /* Supporting Files */,
			);
			path = MemeMe;
			sourceTree = "<group>";
		};
		10B38C3D1B9FFB40000057BE /* Supporting Files */ = {
			isa = PBXGroup;
			children = (
				10B38C3E1B9FFB40000057BE /* Info.plist */,
			);
			name = "Supporting Files";
			sourceTree = "<group>";
		};
		10B38C521B9FFB40000057BE /* MemeMeTests */ = {
			isa = PBXGroup;
			children = (
				10B38C551B9FFB40000057BE /* MemeMeTests.swift */,
				10B38C531B9FFB40000057BE /* Supporting Files */,
			);
			path = MemeMeTests;
			sourceTree = "<group>";
		};
		10B38C531B9FFB40000057BE /* Supporting Files */ = {
			isa = PBXGroup;
			children = (
				10B38C541B9FFB40000057BE /* Info.plist */,
			);
			name = "Supporting Files";
			sourceTree = "<group>";
		};
/* End PBXGroup section */

/* Begin PBXNativeTarget section */
		10B38C391B9FFB40000057BE /* MemeMe */ = {
			isa = PBXNativeTarget;
			buildConfigurationList = 10B38C591B9FFB40000057BE /* Build configuration list for PBXNativeTarget "MemeMe" */;
			buildPhases = (
				10B38C361B9FFB40000057BE /* Sources */,
				10B38C371B9FFB40000057BE /* Frameworks */,
				10B38C381B9FFB40000057BE /* Resources */,
			);
			buildRules = (
			);
			dependencies = (
			);
			name = MemeMe;
			productName = MemeMe;
			productReference = 10B38C3A1B9FFB40000057BE /* MemeMe.app */;
			productType = "com.apple.product-type.application";
		};
		10B38C4E1B9FFB40000057BE /* MemeMeTests */ = {
			isa = PBXNativeTarget;
			buildConfigurationList = 10B38C5C1B9FFB40000057BE /* Build configuration list for PBXNativeTarget "MemeMeTests" */;
			buildPhases = (
				10B38C4B1B9FFB40000057BE /* Sources */,
				10B38C4C1B9FFB40000057BE /* Frameworks */,
				10B38C4D1B9FFB40000057BE /* Resources */,
			);
			buildRules = (
			);
			dependencies = (
				10B38C511B9FFB40000057BE /* PBXTargetDependency */,
			);
			name = MemeMeTests;
			productName = MemeMeTests;
			productReference = 10B38C4F1B9FFB40000057BE /* MemeMeTests.xctest */;
			productType = "com.apple.product-type.bundle.unit-test";
		};
/* End PBXNativeTarget section */

/* Begin PBXProject section */
		10B38C321B9FFB40000057BE /* Project object */ = {
			isa = PBXProject;
			attributes = {
				LastUpgradeCheck = 0640;
				ORGANIZATIONNAME = Tigerspike;
				TargetAttributes = {
					10B38C391B9FFB40000057BE = {
						CreatedOnToolsVersion = 6.4;
					};
					10B38C4E1B9FFB40000057BE = {
						CreatedOnToolsVersion = 6.4;
						TestTargetID = 10B38C391B9FFB40000057BE;
					};
				};
			};
			buildConfigurationList = 10B38C351B9FFB40000057BE /* Build configuration list for PBXProject "MemeMe" */;
			compatibilityVersion = "Xcode 3.2";
			developmentRegion = English;
			hasScannedForEncodings = 0;
			knownRegions = (
				en,
				Base,
			);
			mainGroup = 10B38C311B9FFB40000057BE;
			productRefGroup = 10B38C3B1B9FFB40000057BE /* Products */;
			projectDirPath = "";
			projectRoot = "";
			targets = (
				10B38C391B9FFB40000057BE /* MemeMe */,
				10B38C4E1B9FFB40000057BE /* MemeMeTests */,
			);
		};
/* End PBXProject section */

/* Begin PBXResourcesBuildPhase section */
		10B38C381B9FFB40000057BE /* Resources */ = {
			isa = PBXResourcesBuildPhase;
			buildActionMask = 2147483647;
			files = (
				10B38C451B9FFB40000057BE /* Main.storyboard in Resources */,
				10B38C4A1B9FFB40000057BE /* LaunchScreen.xib in Resources */,
				10B38C471B9FFB40000057BE /* Images.xcassets in Resources */,
			);
			runOnlyForDeploymentPostprocessing = 0;
		};
		10B38C4D1B9FFB40000057BE /* Resources */ = {
			isa = PBXResourcesBuildPhase;
			buildActionMask = 2147483647;
			files = (
			);
			runOnlyForDeploymentPostprocessing = 0;
		};
/* End PBXResourcesBuildPhase section */

/* Begin PBXSourcesBuildPhase section */
		10B38C361B9FFB40000057BE /* Sources */ = {
			isa = PBXSourcesBuildPhase;
			buildActionMask = 2147483647;
			files = (
				10B38C421B9FFB40000057BE /* ViewController.swift in Sources */,
				10B38C401B9FFB40000057BE /* AppDelegate.swift in Sources */,
			);
			runOnlyForDeploymentPostprocessing = 0;
		};
		10B38C4B1B9FFB40000057BE /* Sources */ = {
			isa = PBXSourcesBuildPhase;
			buildActionMask = 2147483647;
			files = (
				10B38C561B9FFB40000057BE /* MemeMeTests.swift in Sources */,
			);
			runOnlyForDeploymentPostprocessing = 0;
		};
/* End PBXSourcesBuildPhase section */

/* Begin PBXTargetDependency section */
		10B38C511B9FFB40000057BE /* PBXTargetDependency */ = {
			isa = PBXTargetDependency;
			target = 10B38C391B9FFB40000057BE /* MemeMe */;
			targetProxy = 10B38C501B9FFB40000057BE /* PBXContainerItemProxy */;
		};
/* End PBXTargetDependency section */

/* Begin PBXVariantGroup section */
		10B38C431B9FFB40000057BE /* Main.storyboard */ = {
			isa = PBXVariantGroup;
			children = (
				10B38C441B9FFB40000057BE /* Base */,
			);
			name = Main.storyboard;
			sourceTree = "<group>";
		};
		10B38C481B9FFB40000057BE /* LaunchScreen.xib */ = {
			isa = PBXVariantGroup;
			children = (
				10B38C491B9FFB40000057BE /* Base */,
			);
			name = LaunchScreen.xib;
			sourceTree = "<group>";
		};
/* End PBXVariantGroup section */

/* Begin XCBuildConfiguration section */
		10B38C571B9FFB40000057BE /* Debug */ = {
			isa = XCBuildConfiguration;
			buildSettings = {
				ALWAYS_SEARCH_USER_PATHS = NO;
				CLANG_CXX_LANGUAGE_STANDARD = "gnu++0x";
				CLANG_CXX_LIBRARY = "libc++";
				CLANG_ENABLE_MODULES = YES;
				CLANG_ENABLE_OBJC_ARC = YES;
				CLANG_WARN_BOOL_CONVERSION = YES;
				CLANG_WARN_CONSTANT_CONVERSION = YES;
				CLANG_WARN_DIRECT_OBJC_ISA_USAGE = YES_ERROR;
				CLANG_WARN_EMPTY_BODY = YES;
				CLANG_WARN_ENUM_CONVERSION = YES;
				CLANG_WARN_INT_CONVERSION = YES;
				CLANG_WARN_OBJC_ROOT_CLASS = YES_ERROR;
				CLANG_WARN_UNREACHABLE_CODE = YES;
				CLANG_WARN__DUPLICATE_METHOD_MATCH = YES;
				"CODE_SIGN_IDENTITY[sdk=iphoneos*]" = "iPhone Developer";
				COPY_PHASE_STRIP = NO;
				DEBUG_INFORMATION_FORMAT = "dwarf-with-dsym";
				ENABLE_STRICT_OBJC_MSGSEND = YES;
				GCC_C_LANGUAGE_STANDARD = gnu99;
				GCC_DYNAMIC_NO_PIC = NO;
				GCC_NO_COMMON_BLOCKS = YES;
				GCC_OPTIMIZATION_LEVEL = 0;
				GCC_PREPROCESSOR_DEFINITIONS = (
					"DEBUG=1",
					"$(inherited)",
				);
				GCC_SYMBOLS_PRIVATE_EXTERN = NO;
				GCC_WARN_64_TO_32_BIT_CONVERSION = YES;
				GCC_WARN_ABOUT_RETURN_TYPE = YES_ERROR;
				GCC_WARN_UNDECLARED_SELECTOR = YES;
				GCC_WARN_UNINITIALIZED_AUTOS = YES_AGGRESSIVE;
				GCC_WARN_UNUSED_FUNCTION = YES;
				GCC_WARN_UNUSED_VARIABLE = YES;
				IPHONEOS_DEPLOYMENT_TARGET = 8.4;
				MTL_ENABLE_DEBUG_INFO = YES;
				ONLY_ACTIVE_ARCH = YES;
				SDKROOT = iphoneos;
				SWIFT_OPTIMIZATION_LEVEL = "-Onone";
			};
			name = Debug;
		};
		10B38C581B9FFB40000057BE /* Release */ = {
			isa = XCBuildConfiguration;
			buildSettings = {
				ALWAYS_SEARCH_USER_PATHS = NO;
				CLANG_CXX_LANGUAGE_STANDARD = "gnu++0x";
				CLANG_CXX_LIBRARY = "libc++";
				CLANG_ENABLE_MODULES = YES;
				CLANG_ENABLE_OBJC_ARC = YES;
				CLANG_WARN_BOOL_CONVERSION = YES;
				CLANG_WARN_CONSTANT_CONVERSION = YES;
				CLANG_WARN_DIRECT_OBJC_ISA_USAGE = YES_ERROR;
				CLANG_WARN_EMPTY_BODY = YES;
				CLANG_WARN_ENUM_CONVERSION = YES;
				CLANG_WARN_INT_CONVERSION = YES;
				CLANG_WARN_OBJC_ROOT_CLASS = YES_ERROR;
				CLANG_WARN_UNREACHABLE_CODE = YES;
				CLANG_WARN__DUPLICATE_METHOD_MATCH = YES;
				"CODE_SIGN_IDENTITY[sdk=iphoneos*]" = "iPhone Developer";
				COPY_PHASE_STRIP = NO;
				DEBUG_INFORMATION_FORMAT = "dwarf-with-dsym";
				ENABLE_NS_ASSERTIONS = NO;
				ENABLE_STRICT_OBJC_MSGSEND = YES;
				GCC_C_LANGUAGE_STANDARD = gnu99;
				GCC_NO_COMMON_BLOCKS = YES;
				GCC_WARN_64_TO_32_BIT_CONVERSION = YES;
				GCC_WARN_ABOUT_RETURN_TYPE = YES_ERROR;
				GCC_WARN_UNDECLARED_SELECTOR = YES;
				GCC_WARN_UNINITIALIZED_AUTOS = YES_AGGRESSIVE;
				GCC_WARN_UNUSED_FUNCTION = YES;
				GCC_WARN_UNUSED_VARIABLE = YES;
				IPHONEOS_DEPLOYMENT_TARGET = 8.4;
				MTL_ENABLE_DEBUG_INFO = NO;
				SDKROOT = iphoneos;
				VALIDATE_PRODUCT = YES;
			};
			name = Release;
		};
		10B38C5A1B9FFB40000057BE /* Debug */ = {
			isa = XCBuildConfiguration;
			buildSettings = {
				ASSETCATALOG_COMPILER_APPICON_NAME = AppIcon;
				INFOPLIST_FILE = MemeMe/Info.plist;
				LD_RUNPATH_SEARCH_PATHS = "$(inherited) @executable_path/Frameworks";
				PRODUCT_NAME = "$(TARGET_NAME)";
			};
			name = Debug;
		};
		10B38C5B1B9FFB40000057BE /* Release */ = {
			isa = XCBuildConfiguration;
			buildSettings = {
				ASSETCATALOG_COMPILER_APPICON_NAME = AppIcon;
				INFOPLIST_FILE = MemeMe/Info.plist;
				LD_RUNPATH_SEARCH_PATHS = "$(inherited) @executable_path/Frameworks";
				PRODUCT_NAME = "$(TARGET_NAME)";
			};
			name = Release;
		};
		10B38C5D1B9FFB40000057BE /* Debug */ = {
			isa = XCBuildConfiguration;
			buildSettings = {
				BUNDLE_LOADER = "$(TEST_HOST)";
				FRAMEWORK_SEARCH_PATHS = (
					"$(SDKROOT)/Developer/Library/Frameworks",
					"$(inherited)",
				);
				GCC_PREPROCESSOR_DEFINITIONS = (
					"DEBUG=1",
					"$(inherited)",
				);
				INFOPLIST_FILE = MemeMeTests/Info.plist;
				LD_RUNPATH_SEARCH_PATHS = "$(inherited) @executable_path/Frameworks @loader_path/Frameworks";
				PRODUCT_NAME = "$(TARGET_NAME)";
				TEST_HOST = "$(BUILT_PRODUCTS_DIR)/MemeMe.app/MemeMe";
			};
			name = Debug;
		};
		10B38C5E1B9FFB40000057BE /* Release */ = {
			isa = XCBuildConfiguration;
			buildSettings = {
				BUNDLE_LOADER = "$(TEST_HOST)";
				FRAMEWORK_SEARCH_PATHS = (
					"$(SDKROOT)/Developer/Library/Frameworks",
					"$(inherited)",
				);
				INFOPLIST_FILE = MemeMeTests/Info.plist;
				LD_RUNPATH_SEARCH_PATHS = "$(inherited) @executable_path/Frameworks @loader_path/Frameworks";
				PRODUCT_NAME = "$(TARGET_NAME)";
				TEST_HOST = "$(BUILT_PRODUCTS_DIR)/MemeMe.app/MemeMe";
			};
			name = Release;
		};
/* End XCBuildConfiguration section */

/* Begin XCConfigurationList section */
		10B38C351B9FFB40000057BE /* Build configuration list for PBXProject "MemeMe" */ = {
			isa = XCConfigurationList;
			buildConfigurations = (
				10B38C571B9FFB40000057BE /* Debug */,
				10B38C581B9FFB40000057BE /* Release */,
			);
			defaultConfigurationIsVisible = 0;
			defaultConfigurationName = Release;
		};
		10B38C591B9FFB40000057BE /* Build configuration list for PBXNativeTarget "MemeMe" */ = {
			isa = XCConfigurationList;
			buildConfigurations = (
				10B38C5A1B9FFB40000057BE /* Debug */,
				10B38C5B1B9FFB40000057BE /* Release */,
			);
			defaultConfigurationIsVisible = 0;
		};
		10B38C5C1B9FFB40000057BE /* Build configuration list for PBXNativeTarget "MemeMeTests" */ = {
			isa = XCConfigurationList;
			buildConfigurations = (
				10B38C5D1B9FFB40000057BE /* Debug */,
				10B38C5E1B9FFB40000057BE /* Release */,
			);
			defaultConfigurationIsVisible = 0;
		};
/* End XCConfigurationList section */
	};
	rootObject = 10B38C321B9FFB40000057BE /* Project object */;
}
